
Microsoft Visual Studio Solution File, Format Version 12.00
# Visual Studio Version 17
VisualStudioVersion = 17.14.36518.9 d17.14
MinimumVisualStudioVersion = 10.0.40219.1
Project("{FAE04EC0-301F-11D3-BF4B-00C04F79EFBC}") = "AvaloniaRentalApp", "AvaloniaRentalApp.csproj", "{DD9A964C-494A-1062-424F-F0C7A5D3F769}"
EndProject
Project("{FAE04EC0-301F-11D3-BF4B-00C04F79EFBC}") = "AvaloniaRentalApp.Desktop", "..\AvaloniaRentalApp.Desktop\AvaloniaRentalApp.Desktop.csproj", "{10564DD9-73E6-1CC3-EAFB-AC08C8E56C77}"
EndProject
Global
	GlobalSection(SolutionConfigurationPlatforms) = preSolution
		Debug|Any CPU = Debug|Any CPU
		Release|Any CPU = Release|Any CPU
	EndGlobalSection
	GlobalSection(ProjectConfigurationPlatforms) = postSolution
		{DD9A964C-494A-1062-424F-F0C7A5D3F769}.Debug|Any CPU.ActiveCfg = Debug|Any CPU
		{DD9A964C-494A-1062-424F-F0C7A5D3F769}.Debug|Any CPU.Build.0 = Debug|Any CPU
		{DD9A964C-494A-1062-424F-F0C7A5D3F769}.Release|Any CPU.ActiveCfg = Release|Any CPU
		{DD9A964C-494A-1062-424F-F0C7A5D3F769}.Release|Any CPU.Build.0 = Release|Any CPU
		{10564DD9-73E6-1CC3-EAFB-AC08C8E56C77}.Debug|Any CPU.ActiveCfg = Debug|Any CPU
		{10564DD9-73E6-1CC3-EAFB-AC08C8E56C77}.Debug|Any CPU.Build.0 = Debug|Any CPU
		{10564DD9-73E6-1CC3-EAFB-AC08C8E56C77}.Release|Any CPU.ActiveCfg = Release|Any CPU
		{10564DD9-73E6-1CC3-EAFB-AC08C8E56C77}.Release|Any CPU.Build.0 = Release|Any CPU
	EndGlobalSection
	GlobalSection(SolutionProperties) = preSolution
		HideSolutionNode = FALSE
	EndGlobalSection
	GlobalSection(ExtensibilityGlobals) = postSolution
		SolutionGuid = {CB08CA36-93F3-47B6-9D2A-97F415129273}
	EndGlobalSection
EndGlobal
